
Microsoft Visual Studio Solution File, Format Version 12.00
# Visual Studio Version 17
VisualStudioVersion = 17.5.33516.290
MinimumVisualStudioVersion = 10.0.40219.1
Project("{FAE04EC0-301F-11D3-BF4B-00C04F79EFBC}") = "VissmaFlow.View", "VissmaFlow.View\VissmaFlow.View.csproj", "{C6C54074-0C7F-40E6-BB23-0E1E85B1C337}"
EndProject
Project("{FAE04EC0-301F-11D3-BF4B-00C04F79EFBC}") = "VissmaFlow.Core", "VissmaFlow.Core\VissmaFlow.Core.csproj", "{314EE431-516A-4C0C-BEC2-F5346C388307}"
EndProject
Global
	GlobalSection(SolutionConfigurationPlatforms) = preSolution
		Debug|Any CPU = Debug|Any CPU
		Release|Any CPU = Release|Any CPU
	EndGlobalSection
	GlobalSection(ProjectConfigurationPlatforms) = postSolution
		{C6C54074-0C7F-40E6-BB23-0E1E85B1C337}.Debug|Any CPU.ActiveCfg = Debug|Any CPU
		{C6C54074-0C7F-40E6-BB23-0E1E85B1C337}.Debug|Any CPU.Build.0 = Debug|Any CPU
		{C6C54074-0C7F-40E6-BB23-0E1E85B1C337}.Release|Any CPU.ActiveCfg = Release|Any CPU
		{C6C54074-0C7F-40E6-BB23-0E1E85B1C337}.Release|Any CPU.Build.0 = Release|Any CPU
		{314EE431-516A-4C0C-BEC2-F5346C388307}.Debug|Any CPU.ActiveCfg = Debug|Any CPU
		{314EE431-516A-4C0C-BEC2-F5346C388307}.Debug|Any CPU.Build.0 = Debug|Any CPU
		{314EE431-516A-4C0C-BEC2-F5346C388307}.Release|Any CPU.ActiveCfg = Release|Any CPU
		{314EE431-516A-4C0C-BEC2-F5346C388307}.Release|Any CPU.Build.0 = Release|Any CPU
	EndGlobalSection
	GlobalSection(SolutionProperties) = preSolution
		HideSolutionNode = FALSE
	EndGlobalSection
	GlobalSection(ExtensibilityGlobals) = postSolution
		SolutionGuid = {C9583E0D-D151-49B3-AAC4-0FD1DBE3EF90}
	EndGlobalSection
EndGlobal
